
Microsoft Visual Studio Solution File, Format Version 12.00
# Visual Studio Version 17
VisualStudioVersion = 17.0.31903.59
MinimumVisualStudioVersion = 10.0.40219.1
Project("{FAE04EC0-301F-11D3-BF4B-00C04F79EFBC}") = "BankAccountDemo", "BankAccountDemo\BankAccountDemo.csproj", "{8A83A276-22B8-4710-899D-59C8096E1E72}"
EndProject
Project("{FAE04EC0-301F-11D3-BF4B-00C04F79EFBC}") = "BankAccountTest", "BankAccountTest\BankAccountTest.csproj", "{90469BB6-33A1-403A-8E13-92465122429B}"
EndProject
Global
	GlobalSection(SolutionConfigurationPlatforms) = preSolution
		Debug|Any CPU = Debug|Any CPU
		Release|Any CPU = Release|Any CPU
	EndGlobalSection
	GlobalSection(SolutionProperties) = preSolution
		HideSolutionNode = FALSE
	EndGlobalSection
	GlobalSection(ProjectConfigurationPlatforms) = postSolution
		{8A83A276-22B8-4710-899D-59C8096E1E72}.Debug|Any CPU.ActiveCfg = Debug|Any CPU
		{8A83A276-22B8-4710-899D-59C8096E1E72}.Debug|Any CPU.Build.0 = Debug|Any CPU
		{8A83A276-22B8-4710-899D-59C8096E1E72}.Release|Any CPU.ActiveCfg = Release|Any CPU
		{8A83A276-22B8-4710-899D-59C8096E1E72}.Release|Any CPU.Build.0 = Release|Any CPU
	EndGlobalSection
EndGlobal
